
Microsoft Visual Studio Solution File, Format Version 12.00
# Visual Studio Version 16
VisualStudioVersion = 16.0.30114.105
MinimumVisualStudioVersion = 10.0.40219.1
Project("{FAE04EC0-301F-11D3-BF4B-00C04F79EFBC}") = "application", "Api.Application\application.csproj", "{5F20B55A-423E-45CB-A974-B688AB77289E}"
EndProject
Project("{FAE04EC0-301F-11D3-BF4B-00C04F79EFBC}") = "Domain", "Api.Domain\Domain.csproj", "{5AEAABFE-535E-45D3-8E6E-AAF6BCC244BA}"
EndProject
Project("{FAE04EC0-301F-11D3-BF4B-00C04F79EFBC}") = "CrossCutting", "Api.Crosscutting\CrossCutting.csproj", "{8D62B46F-1FB4-41A9-89FF-655C58728062}"
EndProject
Project("{FAE04EC0-301F-11D3-BF4B-00C04F79EFBC}") = "Data", "Api.Data\Data.csproj", "{106A4B46-9F96-4344-AD50-99B4AA0E4179}"
EndProject
Project("{FAE04EC0-301F-11D3-BF4B-00C04F79EFBC}") = "Service", "Api.Service\Service.csproj", "{734F1220-0C93-4960-A363-9D924D9F527A}"
EndProject
Project("{FAE04EC0-301F-11D3-BF4B-00C04F79EFBC}") = "Test", "Api.Test\Test.csproj", "{29D2BECD-DB6F-47D4-A24E-A7EB09337B41}"
EndProject
Global
	GlobalSection(SolutionConfigurationPlatforms) = preSolution
		Debug|Any CPU = Debug|Any CPU
		Debug|x64 = Debug|x64
		Debug|x86 = Debug|x86
		Release|Any CPU = Release|Any CPU
		Release|x64 = Release|x64
		Release|x86 = Release|x86
	EndGlobalSection
	GlobalSection(SolutionProperties) = preSolution
		HideSolutionNode = FALSE
	EndGlobalSection
	GlobalSection(ProjectConfigurationPlatforms) = postSolution
		{5F20B55A-423E-45CB-A974-B688AB77289E}.Debug|Any CPU.ActiveCfg = Debug|Any CPU
		{5F20B55A-423E-45CB-A974-B688AB77289E}.Debug|Any CPU.Build.0 = Debug|Any CPU
		{5F20B55A-423E-45CB-A974-B688AB77289E}.Debug|x64.ActiveCfg = Debug|Any CPU
		{5F20B55A-423E-45CB-A974-B688AB77289E}.Debug|x64.Build.0 = Debug|Any CPU
		{5F20B55A-423E-45CB-A974-B688AB77289E}.Debug|x86.ActiveCfg = Debug|Any CPU
		{5F20B55A-423E-45CB-A974-B688AB77289E}.Debug|x86.Build.0 = Debug|Any CPU
		{5F20B55A-423E-45CB-A974-B688AB77289E}.Release|Any CPU.ActiveCfg = Release|Any CPU
		{5F20B55A-423E-45CB-A974-B688AB77289E}.Release|Any CPU.Build.0 = Release|Any CPU
		{5F20B55A-423E-45CB-A974-B688AB77289E}.Release|x64.ActiveCfg = Release|Any CPU
		{5F20B55A-423E-45CB-A974-B688AB77289E}.Release|x64.Build.0 = Release|Any CPU
		{5F20B55A-423E-45CB-A974-B688AB77289E}.Release|x86.ActiveCfg = Release|Any CPU
		{5F20B55A-423E-45CB-A974-B688AB77289E}.Release|x86.Build.0 = Release|Any CPU
		{5AEAABFE-535E-45D3-8E6E-AAF6BCC244BA}.Debug|Any CPU.ActiveCfg = Debug|Any CPU
		{5AEAABFE-535E-45D3-8E6E-AAF6BCC244BA}.Debug|Any CPU.Build.0 = Debug|Any CPU
		{5AEAABFE-535E-45D3-8E6E-AAF6BCC244BA}.Debug|x64.ActiveCfg = Debug|Any CPU
		{5AEAABFE-535E-45D3-8E6E-AAF6BCC244BA}.Debug|x64.Build.0 = Debug|Any CPU
		{5AEAABFE-535E-45D3-8E6E-AAF6BCC244BA}.Debug|x86.ActiveCfg = Debug|Any CPU
		{5AEAABFE-535E-45D3-8E6E-AAF6BCC244BA}.Debug|x86.Build.0 = Debug|Any CPU
		{5AEAABFE-535E-45D3-8E6E-AAF6BCC244BA}.Release|Any CPU.ActiveCfg = Release|Any CPU
		{5AEAABFE-535E-45D3-8E6E-AAF6BCC244BA}.Release|Any CPU.Build.0 = Release|Any CPU
		{5AEAABFE-535E-45D3-8E6E-AAF6BCC244BA}.Release|x64.ActiveCfg = Release|Any CPU
		{5AEAABFE-535E-45D3-8E6E-AAF6BCC244BA}.Release|x64.Build.0 = Release|Any CPU
		{5AEAABFE-535E-45D3-8E6E-AAF6BCC244BA}.Release|x86.ActiveCfg = Release|Any CPU
		{5AEAABFE-535E-45D3-8E6E-AAF6BCC244BA}.Release|x86.Build.0 = Release|Any CPU
		{8D62B46F-1FB4-41A9-89FF-655C58728062}.Debug|Any CPU.ActiveCfg = Debug|Any CPU
		{8D62B46F-1FB4-41A9-89FF-655C58728062}.Debug|Any CPU.Build.0 = Debug|Any CPU
		{8D62B46F-1FB4-41A9-89FF-655C58728062}.Debug|x64.ActiveCfg = Debug|Any CPU
		{8D62B46F-1FB4-41A9-89FF-655C58728062}.Debug|x64.Build.0 = Debug|Any CPU
		{8D62B46F-1FB4-41A9-89FF-655C58728062}.Debug|x86.ActiveCfg = Debug|Any CPU
		{8D62B46F-1FB4-41A9-89FF-655C58728062}.Debug|x86.Build.0 = Debug|Any CPU
		{8D62B46F-1FB4-41A9-89FF-655C58728062}.Release|Any CPU.ActiveCfg = Release|Any CPU
		{8D62B46F-1FB4-41A9-89FF-655C58728062}.Release|Any CPU.Build.0 = Release|Any CPU
		{8D62B46F-1FB4-41A9-89FF-655C58728062}.Release|x64.ActiveCfg = Release|Any CPU
		{8D62B46F-1FB4-41A9-89FF-655C58728062}.Release|x64.Build.0 = Release|Any CPU
		{8D62B46F-1FB4-41A9-89FF-655C58728062}.Release|x86.ActiveCfg = Release|Any CPU
		{8D62B46F-1FB4-41A9-89FF-655C58728062}.Release|x86.Build.0 = Release|Any CPU
		{106A4B46-9F96-4344-AD50-99B4AA0E4179}.Debug|Any CPU.ActiveCfg = Debug|Any CPU
		{106A4B46-9F96-4344-AD50-99B4AA0E4179}.Debug|Any CPU.Build.0 = Debug|Any CPU
		{106A4B46-9F96-4344-AD50-99B4AA0E4179}.Debug|x64.ActiveCfg = Debug|Any CPU
		{106A4B46-9F96-4344-AD50-99B4AA0E4179}.Debug|x64.Build.0 = Debug|Any CPU
		{106A4B46-9F96-4344-AD50-99B4AA0E4179}.Debug|x86.ActiveCfg = Debug|Any CPU
		{106A4B46-9F96-4344-AD50-99B4AA0E4179}.Debug|x86.Build.0 = Debug|Any CPU
		{106A4B46-9F96-4344-AD50-99B4AA0E4179}.Release|Any CPU.ActiveCfg = Release|Any CPU
		{106A4B46-9F96-4344-AD50-99B4AA0E4179}.Release|Any CPU.Build.0 = Release|Any CPU
		{106A4B46-9F96-4344-AD50-99B4AA0E4179}.Release|x64.ActiveCfg = Release|Any CPU
		{106A4B46-9F96-4344-AD50-99B4AA0E4179}.Release|x64.Build.0 = Release|Any CPU
		{106A4B46-9F96-4344-AD50-99B4AA0E4179}.Release|x86.ActiveCfg = Release|Any CPU
		{106A4B46-9F96-4344-AD50-99B4AA0E4179}.Release|x86.Build.0 = Release|Any CPU
		{734F1220-0C93-4960-A363-9D924D9F527A}.Debug|Any CPU.ActiveCfg = Debug|Any CPU
		{734F1220-0C93-4960-A363-9D924D9F527A}.Debug|Any CPU.Build.0 = Debug|Any CPU
		{734F1220-0C93-4960-A363-9D924D9F527A}.Debug|x64.ActiveCfg = Debug|Any CPU
		{734F1220-0C93-4960-A363-9D924D9F527A}.Debug|x64.Build.0 = Debug|Any CPU
		{734F1220-0C93-4960-A363-9D924D9F527A}.Debug|x86.ActiveCfg = Debug|Any CPU
		{734F1220-0C93-4960-A363-9D924D9F527A}.Debug|x86.Build.0 = Debug|Any CPU
		{734F1220-0C93-4960-A363-9D924D9F527A}.Release|Any CPU.ActiveCfg = Release|Any CPU
		{734F1220-0C93-4960-A363-9D924D9F527A}.Release|Any CPU.Build.0 = Release|Any CPU
		{734F1220-0C93-4960-A363-9D924D9F527A}.Release|x64.ActiveCfg = Release|Any CPU
		{734F1220-0C93-4960-A363-9D924D9F527A}.Release|x64.Build.0 = Release|Any CPU
		{734F1220-0C93-4960-A363-9D924D9F527A}.Release|x86.ActiveCfg = Release|Any CPU
		{734F1220-0C93-4960-A363-9D924D9F527A}.Release|x86.Build.0 = Release|Any CPU
		{29D2BECD-DB6F-47D4-A24E-A7EB09337B41}.Debug|Any CPU.ActiveCfg = Debug|Any CPU
		{29D2BECD-DB6F-47D4-A24E-A7EB09337B41}.Debug|Any CPU.Build.0 = Debug|Any CPU
		{29D2BECD-DB6F-47D4-A24E-A7EB09337B41}.Debug|x64.ActiveCfg = Debug|Any CPU
		{29D2BECD-DB6F-47D4-A24E-A7EB09337B41}.Debug|x64.Build.0 = Debug|Any CPU
		{29D2BECD-DB6F-47D4-A24E-A7EB09337B41}.Debug|x86.ActiveCfg = Debug|Any CPU
		{29D2BECD-DB6F-47D4-A24E-A7EB09337B41}.Debug|x86.Build.0 = Debug|Any CPU
		{29D2BECD-DB6F-47D4-A24E-A7EB09337B41}.Release|Any CPU.ActiveCfg = Release|Any CPU
		{29D2BECD-DB6F-47D4-A24E-A7EB09337B41}.Release|Any CPU.Build.0 = Release|Any CPU
		{29D2BECD-DB6F-47D4-A24E-A7EB09337B41}.Release|x64.ActiveCfg = Release|Any CPU
		{29D2BECD-DB6F-47D4-A24E-A7EB09337B41}.Release|x64.Build.0 = Release|Any CPU
		{29D2BECD-DB6F-47D4-A24E-A7EB09337B41}.Release|x86.ActiveCfg = Release|Any CPU
		{29D2BECD-DB6F-47D4-A24E-A7EB09337B41}.Release|x86.Build.0 = Release|Any CPU
	EndGlobalSection
EndGlobal
